// !$*UTF8*$!
{
	archiveVersion = 1;
	classes = {
	};
	objectVersion = 55;
	objects = {

/* Begin PBXBuildFile section */
		B32897AE27FB4D5C007CFBF6 /* DubDubGrubApp.swift in Sources */ = {isa = PBXBuildFile; fileRef = B32897AD27FB4D5C007CFBF6 /* DubDubGrubApp.swift */; };
		B32897B227FB4D62007CFBF6 /* Assets.xcassets in Resources */ = {isa = PBXBuildFile; fileRef = B32897B127FB4D62007CFBF6 /* Assets.xcassets */; };
		B32897B527FB4D62007CFBF6 /* Preview Assets.xcassets in Resources */ = {isa = PBXBuildFile; fileRef = B32897B427FB4D62007CFBF6 /* Preview Assets.xcassets */; };
		B32897BE27FB5F7B007CFBF6 /* CloudKit.framework in Frameworks */ = {isa = PBXBuildFile; fileRef = B32897BD27FB5F7B007CFBF6 /* CloudKit.framework */; };
		B32897C027FB620C007CFBF6 /* Color+Ext.swift in Sources */ = {isa = PBXBuildFile; fileRef = B32897BF27FB620C007CFBF6 /* Color+Ext.swift */; };
		B32897C227FB6262007CFBF6 /* AppTabView.swift in Sources */ = {isa = PBXBuildFile; fileRef = B32897C127FB6262007CFBF6 /* AppTabView.swift */; };
		B32897C427FB629F007CFBF6 /* LocationMapView.swift in Sources */ = {isa = PBXBuildFile; fileRef = B32897C327FB629F007CFBF6 /* LocationMapView.swift */; };
		B32897C627FB62BA007CFBF6 /* LocationListView.swift in Sources */ = {isa = PBXBuildFile; fileRef = B32897C527FB62BA007CFBF6 /* LocationListView.swift */; };
		B32897C827FB62CB007CFBF6 /* ProfileView.swift in Sources */ = {isa = PBXBuildFile; fileRef = B32897C727FB62CB007CFBF6 /* ProfileView.swift */; };
		B32D5A7228009E9200AF241E /* LocationMapVM.swift in Sources */ = {isa = PBXBuildFile; fileRef = B32D5A7128009E9200AF241E /* LocationMapVM.swift */; };
		B32D5A742800A31B00AF241E /* LocationManager.swift in Sources */ = {isa = PBXBuildFile; fileRef = B32D5A732800A31B00AF241E /* LocationManager.swift */; };
		B32D5A772800AF1A00AF241E /* CKAsset+Ext.swift in Sources */ = {isa = PBXBuildFile; fileRef = B32D5A762800AF1A00AF241E /* CKAsset+Ext.swift */; };
		B32D5A7C2800C49400AF241E /* OnboardingView.swift in Sources */ = {isa = PBXBuildFile; fileRef = B32D5A7B2800C49400AF241E /* OnboardingView.swift */; };
		B32D5A7E2800C86900AF241E /* XDismissButton.swift in Sources */ = {isa = PBXBuildFile; fileRef = B32D5A7D2800C86900AF241E /* XDismissButton.swift */; };
		B32D5A812804903E00AF241E /* PhotoPicker.swift in Sources */ = {isa = PBXBuildFile; fileRef = B32D5A802804903E00AF241E /* PhotoPicker.swift */; };
		B32D5A832804A47B00AF241E /* ProfileVM.swift in Sources */ = {isa = PBXBuildFile; fileRef = B32D5A822804A47B00AF241E /* ProfileVM.swift */; };
		B32D5A852804A84400AF241E /* UIImage+Ext.swift in Sources */ = {isa = PBXBuildFile; fileRef = B32D5A842804A84400AF241E /* UIImage+Ext.swift */; };
		B32D5A872804C74100AF241E /* LoadingView.swift in Sources */ = {isa = PBXBuildFile; fileRef = B32D5A862804C74100AF241E /* LoadingView.swift */; };
		B32D5A892805CF8600AF241E /* LocationDetailVM.swift in Sources */ = {isa = PBXBuildFile; fileRef = B32D5A882805CF8600AF241E /* LocationDetailVM.swift */; };
		B32D5A8C2805F07700AF241E /* ProfileModalView.swift in Sources */ = {isa = PBXBuildFile; fileRef = B32D5A8B2805F07700AF241E /* ProfileModalView.swift */; };
		B3A8BD5A2812FBC200BFCA37 /* String+Ext.swift in Sources */ = {isa = PBXBuildFile; fileRef = B3A8BD592812FBC200BFCA37 /* String+Ext.swift */; };
		B3AEC10D27FF7D6F002AD6CE /* DDGProfile.swift in Sources */ = {isa = PBXBuildFile; fileRef = B3AEC10C27FF7D6F002AD6CE /* DDGProfile.swift */; };
		B3AEC10F27FF7FA2002AD6CE /* MockData.swift in Sources */ = {isa = PBXBuildFile; fileRef = B3AEC10E27FF7FA2002AD6CE /* MockData.swift */; };
		B3AEC11328009529002AD6CE /* CloudKitManager.swift in Sources */ = {isa = PBXBuildFile; fileRef = B3AEC11228009529002AD6CE /* CloudKitManager.swift */; };
		B3AEC115280095FE002AD6CE /* Constants.swift in Sources */ = {isa = PBXBuildFile; fileRef = B3AEC114280095FE002AD6CE /* Constants.swift */; };
		B3AEC11A28009B9B002AD6CE /* AlertItem.swift in Sources */ = {isa = PBXBuildFile; fileRef = B3AEC11928009B9B002AD6CE /* AlertItem.swift */; };
		B3BA2DB8280DBA35005C0384 /* HapticManager.swift in Sources */ = {isa = PBXBuildFile; fileRef = B3BA2DB7280DBA35005C0384 /* HapticManager.swift */; };
		B3DEA64D27FB67D600301E3A /* LocationListCell.swift in Sources */ = {isa = PBXBuildFile; fileRef = B3DEA64C27FB67D600301E3A /* LocationListCell.swift */; };
		B3DEA64F27FB724000301E3A /* LocationDetailView.swift in Sources */ = {isa = PBXBuildFile; fileRef = B3DEA64E27FB724000301E3A /* LocationDetailView.swift */; };
		B3DEA65427FCD5DF00301E3A /* AvatarView.swift in Sources */ = {isa = PBXBuildFile; fileRef = B3DEA65327FCD5DF00301E3A /* AvatarView.swift */; };
		B3DEA65627FCD60300301E3A /* LogoView.swift in Sources */ = {isa = PBXBuildFile; fileRef = B3DEA65527FCD60300301E3A /* LogoView.swift */; };
		B3DEA65927FCD71500301E3A /* ProfileNameText.swift in Sources */ = {isa = PBXBuildFile; fileRef = B3DEA65827FCD71500301E3A /* ProfileNameText.swift */; };
		B3DEA65C27FCD77C00301E3A /* View+Ext.swift in Sources */ = {isa = PBXBuildFile; fileRef = B3DEA65B27FCD77C00301E3A /* View+Ext.swift */; };
		B3DEA65F27FCD94D00301E3A /* DDBButton.swift in Sources */ = {isa = PBXBuildFile; fileRef = B3DEA65E27FCD94D00301E3A /* DDBButton.swift */; };
		B3DEA66427FF78A200301E3A /* DDGLocation.swift in Sources */ = {isa = PBXBuildFile; fileRef = B3DEA66327FF78A200301E3A /* DDGLocation.swift */; };
		B3F27921280746F500B35885 /* LocationListVM.swift in Sources */ = {isa = PBXBuildFile; fileRef = B3F27920280746F500B35885 /* LocationListVM.swift */; };
		B3F2792428075EED00B35885 /* MapBalloon.swift in Sources */ = {isa = PBXBuildFile; fileRef = B3F2792328075EED00B35885 /* MapBalloon.swift */; };
		B3F279262807625D00B35885 /* DDGAnnotation.swift in Sources */ = {isa = PBXBuildFile; fileRef = B3F279252807625D00B35885 /* DDGAnnotation.swift */; };
		B3F279292807664C00B35885 /* AppTabVM.swift in Sources */ = {isa = PBXBuildFile; fileRef = B3F279282807664C00B35885 /* AppTabVM.swift */; };
		B3F2792C280A0B7A00B35885 /* ProfileSheetView.swift in Sources */ = {isa = PBXBuildFile; fileRef = B3F2792B280A0B7A00B35885 /* ProfileSheetView.swift */; };
/* End PBXBuildFile section */

/* Begin PBXFileReference section */
		B32897AA27FB4D5C007CFBF6 /* DubDubGrub.app */ = {isa = PBXFileReference; explicitFileType = wrapper.application; includeInIndex = 0; path = DubDubGrub.app; sourceTree = BUILT_PRODUCTS_DIR; };
		B32897AD27FB4D5C007CFBF6 /* DubDubGrubApp.swift */ = {isa = PBXFileReference; lastKnownFileType = sourcecode.swift; path = DubDubGrubApp.swift; sourceTree = "<group>"; };
		B32897B127FB4D62007CFBF6 /* Assets.xcassets */ = {isa = PBXFileReference; lastKnownFileType = folder.assetcatalog; path = Assets.xcassets; sourceTree = "<group>"; };
		B32897B427FB4D62007CFBF6 /* Preview Assets.xcassets */ = {isa = PBXFileReference; lastKnownFileType = folder.assetcatalog; path = "Preview Assets.xcassets"; sourceTree = "<group>"; };
		B32897BB27FB5F71007CFBF6 /* DubDubGrub.entitlements */ = {isa = PBXFileReference; lastKnownFileType = text.plist.entitlements; path = DubDubGrub.entitlements; sourceTree = "<group>"; };
		B32897BD27FB5F7B007CFBF6 /* CloudKit.framework */ = {isa = PBXFileReference; lastKnownFileType = wrapper.framework; name = CloudKit.framework; path = System/Library/Frameworks/CloudKit.framework; sourceTree = SDKROOT; };
		B32897BF27FB620C007CFBF6 /* Color+Ext.swift */ = {isa = PBXFileReference; lastKnownFileType = sourcecode.swift; path = "Color+Ext.swift"; sourceTree = "<group>"; };
		B32897C127FB6262007CFBF6 /* AppTabView.swift */ = {isa = PBXFileReference; lastKnownFileType = sourcecode.swift; path = AppTabView.swift; sourceTree = "<group>"; };
		B32897C327FB629F007CFBF6 /* LocationMapView.swift */ = {isa = PBXFileReference; lastKnownFileType = sourcecode.swift; path = LocationMapView.swift; sourceTree = "<group>"; };
		B32897C527FB62BA007CFBF6 /* LocationListView.swift */ = {isa = PBXFileReference; lastKnownFileType = sourcecode.swift; path = LocationListView.swift; sourceTree = "<group>"; };
		B32897C727FB62CB007CFBF6 /* ProfileView.swift */ = {isa = PBXFileReference; lastKnownFileType = sourcecode.swift; path = ProfileView.swift; sourceTree = "<group>"; };
		B32D5A7128009E9200AF241E /* LocationMapVM.swift */ = {isa = PBXFileReference; lastKnownFileType = sourcecode.swift; path = LocationMapVM.swift; sourceTree = "<group>"; };
		B32D5A732800A31B00AF241E /* LocationManager.swift */ = {isa = PBXFileReference; lastKnownFileType = sourcecode.swift; path = LocationManager.swift; sourceTree = "<group>"; };
		B32D5A762800AF1A00AF241E /* CKAsset+Ext.swift */ = {isa = PBXFileReference; lastKnownFileType = sourcecode.swift; path = "CKAsset+Ext.swift"; sourceTree = "<group>"; };
		B32D5A7B2800C49400AF241E /* OnboardingView.swift */ = {isa = PBXFileReference; lastKnownFileType = sourcecode.swift; path = OnboardingView.swift; sourceTree = "<group>"; };
		B32D5A7D2800C86900AF241E /* XDismissButton.swift */ = {isa = PBXFileReference; lastKnownFileType = sourcecode.swift; path = XDismissButton.swift; sourceTree = "<group>"; };
		B32D5A802804903E00AF241E /* PhotoPicker.swift */ = {isa = PBXFileReference; lastKnownFileType = sourcecode.swift; path = PhotoPicker.swift; sourceTree = "<group>"; };
		B32D5A822804A47B00AF241E /* ProfileVM.swift */ = {isa = PBXFileReference; lastKnownFileType = sourcecode.swift; path = ProfileVM.swift; sourceTree = "<group>"; };
		B32D5A842804A84400AF241E /* UIImage+Ext.swift */ = {isa = PBXFileReference; lastKnownFileType = sourcecode.swift; path = "UIImage+Ext.swift"; sourceTree = "<group>"; };
		B32D5A862804C74100AF241E /* LoadingView.swift */ = {isa = PBXFileReference; lastKnownFileType = sourcecode.swift; path = LoadingView.swift; sourceTree = "<group>"; };
		B32D5A882805CF8600AF241E /* LocationDetailVM.swift */ = {isa = PBXFileReference; lastKnownFileType = sourcecode.swift; path = LocationDetailVM.swift; sourceTree = "<group>"; };
		B32D5A8B2805F07700AF241E /* ProfileModalView.swift */ = {isa = PBXFileReference; lastKnownFileType = sourcecode.swift; path = ProfileModalView.swift; sourceTree = "<group>"; };
		B3A8BD592812FBC200BFCA37 /* String+Ext.swift */ = {isa = PBXFileReference; lastKnownFileType = sourcecode.swift; path = "String+Ext.swift"; sourceTree = "<group>"; };
		B3AEC10C27FF7D6F002AD6CE /* DDGProfile.swift */ = {isa = PBXFileReference; lastKnownFileType = sourcecode.swift; path = DDGProfile.swift; sourceTree = "<group>"; };
		B3AEC10E27FF7FA2002AD6CE /* MockData.swift */ = {isa = PBXFileReference; lastKnownFileType = sourcecode.swift; path = MockData.swift; sourceTree = "<group>"; };
		B3AEC11228009529002AD6CE /* CloudKitManager.swift */ = {isa = PBXFileReference; lastKnownFileType = sourcecode.swift; path = CloudKitManager.swift; sourceTree = "<group>"; };
		B3AEC114280095FE002AD6CE /* Constants.swift */ = {isa = PBXFileReference; lastKnownFileType = sourcecode.swift; path = Constants.swift; sourceTree = "<group>"; };
		B3AEC11928009B9B002AD6CE /* AlertItem.swift */ = {isa = PBXFileReference; lastKnownFileType = sourcecode.swift; path = AlertItem.swift; sourceTree = "<group>"; };
		B3BA2DB7280DBA35005C0384 /* HapticManager.swift */ = {isa = PBXFileReference; lastKnownFileType = sourcecode.swift; path = HapticManager.swift; sourceTree = "<group>"; };
		B3DEA64C27FB67D600301E3A /* LocationListCell.swift */ = {isa = PBXFileReference; lastKnownFileType = sourcecode.swift; path = LocationListCell.swift; sourceTree = "<group>"; };
		B3DEA64E27FB724000301E3A /* LocationDetailView.swift */ = {isa = PBXFileReference; lastKnownFileType = sourcecode.swift; path = LocationDetailView.swift; sourceTree = "<group>"; };
		B3DEA65327FCD5DF00301E3A /* AvatarView.swift */ = {isa = PBXFileReference; lastKnownFileType = sourcecode.swift; path = AvatarView.swift; sourceTree = "<group>"; };
		B3DEA65527FCD60300301E3A /* LogoView.swift */ = {isa = PBXFileReference; lastKnownFileType = sourcecode.swift; path = LogoView.swift; sourceTree = "<group>"; };
		B3DEA65827FCD71500301E3A /* ProfileNameText.swift */ = {isa = PBXFileReference; lastKnownFileType = sourcecode.swift; path = ProfileNameText.swift; sourceTree = "<group>"; };
		B3DEA65B27FCD77C00301E3A /* View+Ext.swift */ = {isa = PBXFileReference; lastKnownFileType = sourcecode.swift; path = "View+Ext.swift"; sourceTree = "<group>"; };
		B3DEA65E27FCD94D00301E3A /* DDBButton.swift */ = {isa = PBXFileReference; lastKnownFileType = sourcecode.swift; path = DDBButton.swift; sourceTree = "<group>"; };
		B3DEA66327FF78A200301E3A /* DDGLocation.swift */ = {isa = PBXFileReference; lastKnownFileType = sourcecode.swift; path = DDGLocation.swift; sourceTree = "<group>"; };
		B3F27920280746F500B35885 /* LocationListVM.swift */ = {isa = PBXFileReference; lastKnownFileType = sourcecode.swift; path = LocationListVM.swift; sourceTree = "<group>"; };
		B3F2792328075EED00B35885 /* MapBalloon.swift */ = {isa = PBXFileReference; lastKnownFileType = sourcecode.swift; path = MapBalloon.swift; sourceTree = "<group>"; };
		B3F279252807625D00B35885 /* DDGAnnotation.swift */ = {isa = PBXFileReference; lastKnownFileType = sourcecode.swift; path = DDGAnnotation.swift; sourceTree = "<group>"; };
		B3F279282807664C00B35885 /* AppTabVM.swift */ = {isa = PBXFileReference; lastKnownFileType = sourcecode.swift; path = AppTabVM.swift; sourceTree = "<group>"; };
		B3F2792A2809C02A00B35885 /* Info.plist */ = {isa = PBXFileReference; lastKnownFileType = text.plist; path = Info.plist; sourceTree = "<group>"; };
		B3F2792B280A0B7A00B35885 /* ProfileSheetView.swift */ = {isa = PBXFileReference; lastKnownFileType = sourcecode.swift; path = ProfileSheetView.swift; sourceTree = "<group>"; };
/* End PBXFileReference section */

/* Begin PBXFrameworksBuildPhase section */
		B32897A727FB4D5C007CFBF6 /* Frameworks */ = {
			isa = PBXFrameworksBuildPhase;
			buildActionMask = 2147483647;
			files = (
				B32897BE27FB5F7B007CFBF6 /* CloudKit.framework in Frameworks */,
			);
			runOnlyForDeploymentPostprocessing = 0;
		};
/* End PBXFrameworksBuildPhase section */

/* Begin PBXGroup section */
		B32897A127FB4D5C007CFBF6 = {
			isa = PBXGroup;
			children = (
				B32897AC27FB4D5C007CFBF6 /* DubDubGrub */,
				B32897AB27FB4D5C007CFBF6 /* Products */,
				B32897BC27FB5F7B007CFBF6 /* Frameworks */,
			);
			sourceTree = "<group>";
		};
		B32897AB27FB4D5C007CFBF6 /* Products */ = {
			isa = PBXGroup;
			children = (
				B32897AA27FB4D5C007CFBF6 /* DubDubGrub.app */,
			);
			name = Products;
			sourceTree = "<group>";
		};
		B32897AC27FB4D5C007CFBF6 /* DubDubGrub */ = {
			isa = PBXGroup;
			children = (
				B3F2792A2809C02A00B35885 /* Info.plist */,
				B3AEC110280094F2002AD6CE /* Utilities */,
				B3DEA66227FF788D00301E3A /* Model */,
				B3DEA65227FCD5CC00301E3A /* Views */,
				B32D5A8A2805F04100AF241E /* Profile View */,
				B32897BB27FB5F71007CFBF6 /* DubDubGrub.entitlements */,
				B32897AD27FB4D5C007CFBF6 /* DubDubGrubApp.swift */,
				B32897B127FB4D62007CFBF6 /* Assets.xcassets */,
				B32897B327FB4D62007CFBF6 /* Preview Content */,
			);
			path = DubDubGrub;
			sourceTree = "<group>";
		};
		B32897B327FB4D62007CFBF6 /* Preview Content */ = {
			isa = PBXGroup;
			children = (
				B32897B427FB4D62007CFBF6 /* Preview Assets.xcassets */,
			);
			path = "Preview Content";
			sourceTree = "<group>";
		};
		B32897BC27FB5F7B007CFBF6 /* Frameworks */ = {
			isa = PBXGroup;
			children = (
				B32897BD27FB5F7B007CFBF6 /* CloudKit.framework */,
			);
			name = Frameworks;
			sourceTree = "<group>";
		};
		B32D5A6E28009E5000AF241E /* Map View */ = {
			isa = PBXGroup;
			children = (
				B32D5A7128009E9200AF241E /* LocationMapVM.swift */,
				B32897C327FB629F007CFBF6 /* LocationMapView.swift */,
			);
			path = "Map View";
			sourceTree = "<group>";
		};
		B32D5A6F28009E6000AF241E /* List View */ = {
			isa = PBXGroup;
			children = (
				B3F27920280746F500B35885 /* LocationListVM.swift */,
				B32897C527FB62BA007CFBF6 /* LocationListView.swift */,
			);
			path = "List View";
			sourceTree = "<group>";
		};
		B32D5A7028009E6C00AF241E /* Profile View */ = {
			isa = PBXGroup;
			children = (
				B32D5A822804A47B00AF241E /* ProfileVM.swift */,
				B32897C727FB62CB007CFBF6 /* ProfileView.swift */,
			);
			path = "Profile View";
			sourceTree = "<group>";
		};
		B32D5A752800A85B00AF241E /* Detail View */ = {
			isa = PBXGroup;
			children = (
				B32D5A882805CF8600AF241E /* LocationDetailVM.swift */,
				B3DEA64E27FB724000301E3A /* LocationDetailView.swift */,
			);
			path = "Detail View";
			sourceTree = "<group>";
		};
		B32D5A782800C46000AF241E /* Onboarding */ = {
			isa = PBXGroup;
			children = (
				B32D5A7B2800C49400AF241E /* OnboardingView.swift */,
			);
			path = Onboarding;
			sourceTree = "<group>";
		};
		B32D5A7F2804901700AF241E /* UIKit Components */ = {
			isa = PBXGroup;
			children = (
				B32D5A802804903E00AF241E /* PhotoPicker.swift */,
			);
			path = "UIKit Components";
			sourceTree = "<group>";
		};
		B32D5A8A2805F04100AF241E /* Profile View */ = {
			isa = PBXGroup;
			children = (
				B32D5A8B2805F07700AF241E /* ProfileModalView.swift */,
				B3F2792B280A0B7A00B35885 /* ProfileSheetView.swift */,
			);
			path = "Profile View";
			sourceTree = "<group>";
		};
		B3AEC110280094F2002AD6CE /* Utilities */ = {
			isa = PBXGroup;
			children = (
				B3AEC11828009B8C002AD6CE /* Alerts */,
				B3AEC11128009516002AD6CE /* Managers */,
				B3DEA65A27FCD75000301E3A /* Extensions */,
				B3AEC114280095FE002AD6CE /* Constants.swift */,
			);
			path = Utilities;
			sourceTree = "<group>";
		};
		B3AEC11128009516002AD6CE /* Managers */ = {
			isa = PBXGroup;
			children = (
				B3AEC11228009529002AD6CE /* CloudKitManager.swift */,
				B32D5A732800A31B00AF241E /* LocationManager.swift */,
				B3BA2DB7280DBA35005C0384 /* HapticManager.swift */,
			);
			path = Managers;
			sourceTree = "<group>";
		};
		B3AEC11828009B8C002AD6CE /* Alerts */ = {
			isa = PBXGroup;
			children = (
				B3AEC11928009B9B002AD6CE /* AlertItem.swift */,
			);
			path = Alerts;
			sourceTree = "<group>";
		};
		B3DEA64B27FB679A00301E3A /* Cells */ = {
			isa = PBXGroup;
			children = (
				B3DEA64C27FB67D600301E3A /* LocationListCell.swift */,
			);
			path = Cells;
			sourceTree = "<group>";
		};
		B3DEA65227FCD5CC00301E3A /* Views */ = {
			isa = PBXGroup;
			children = (
				B3DEA64B27FB679A00301E3A /* Cells */,
				B3DEA66127FCDB0B00301E3A /* Custom Views */,
				B3DEA66027FCDAC700301E3A /* Screens */,
			);
			path = Views;
			sourceTree = "<group>";
		};
		B3DEA65727FCD6C300301E3A /* Custom Modifiers */ = {
			isa = PBXGroup;
			children = (
				B3DEA65827FCD71500301E3A /* ProfileNameText.swift */,
			);
			path = "Custom Modifiers";
			sourceTree = "<group>";
		};
		B3DEA65A27FCD75000301E3A /* Extensions */ = {
			isa = PBXGroup;
			children = (
				B32897BF27FB620C007CFBF6 /* Color+Ext.swift */,
				B3DEA65B27FCD77C00301E3A /* View+Ext.swift */,
				B32D5A762800AF1A00AF241E /* CKAsset+Ext.swift */,
				B32D5A842804A84400AF241E /* UIImage+Ext.swift */,
				B3A8BD592812FBC200BFCA37 /* String+Ext.swift */,
			);
			path = Extensions;
			sourceTree = "<group>";
		};
		B3DEA65D27FCD93D00301E3A /* Buttons */ = {
			isa = PBXGroup;
			children = (
				B3DEA65E27FCD94D00301E3A /* DDBButton.swift */,
				B32D5A7D2800C86900AF241E /* XDismissButton.swift */,
			);
			path = Buttons;
			sourceTree = "<group>";
		};
		B3DEA66027FCDAC700301E3A /* Screens */ = {
			isa = PBXGroup;
			children = (
				B3F279272807662C00B35885 /* App Tab View */,
				B32D5A782800C46000AF241E /* Onboarding */,
				B32D5A6E28009E5000AF241E /* Map View */,
				B32D5A6F28009E6000AF241E /* List View */,
				B32D5A7028009E6C00AF241E /* Profile View */,
				B32D5A752800A85B00AF241E /* Detail View */,
			);
			path = Screens;
			sourceTree = "<group>";
		};
		B3DEA66127FCDB0B00301E3A /* Custom Views */ = {
			isa = PBXGroup;
			children = (
				B3F2792228075EC400B35885 /* Map Annotation */,
				B32D5A7F2804901700AF241E /* UIKit Components */,
				B3DEA65727FCD6C300301E3A /* Custom Modifiers */,
				B3DEA65D27FCD93D00301E3A /* Buttons */,
				B3DEA65327FCD5DF00301E3A /* AvatarView.swift */,
				B3DEA65527FCD60300301E3A /* LogoView.swift */,
				B32D5A862804C74100AF241E /* LoadingView.swift */,
			);
			path = "Custom Views";
			sourceTree = "<group>";
		};
		B3DEA66227FF788D00301E3A /* Model */ = {
			isa = PBXGroup;
			children = (
				B3DEA66327FF78A200301E3A /* DDGLocation.swift */,
				B3AEC10C27FF7D6F002AD6CE /* DDGProfile.swift */,
				B3AEC10E27FF7FA2002AD6CE /* MockData.swift */,
			);
			path = Model;
			sourceTree = "<group>";
		};
		B3F2792228075EC400B35885 /* Map Annotation */ = {
			isa = PBXGroup;
			children = (
				B3F2792328075EED00B35885 /* MapBalloon.swift */,
				B3F279252807625D00B35885 /* DDGAnnotation.swift */,
			);
			path = "Map Annotation";
			sourceTree = "<group>";
		};
		B3F279272807662C00B35885 /* App Tab View */ = {
			isa = PBXGroup;
			children = (
				B3F279282807664C00B35885 /* AppTabVM.swift */,
				B32897C127FB6262007CFBF6 /* AppTabView.swift */,
			);
			path = "App Tab View";
			sourceTree = "<group>";
		};
/* End PBXGroup section */

/* Begin PBXNativeTarget section */
		B32897A927FB4D5C007CFBF6 /* DubDubGrub */ = {
			isa = PBXNativeTarget;
			buildConfigurationList = B32897B827FB4D62007CFBF6 /* Build configuration list for PBXNativeTarget "DubDubGrub" */;
			buildPhases = (
				B32897A627FB4D5C007CFBF6 /* Sources */,
				B32897A727FB4D5C007CFBF6 /* Frameworks */,
				B32897A827FB4D5C007CFBF6 /* Resources */,
			);
			buildRules = (
			);
			dependencies = (
			);
			name = DubDubGrub;
			productName = DubDubGrub;
			productReference = B32897AA27FB4D5C007CFBF6 /* DubDubGrub.app */;
			productType = "com.apple.product-type.application";
		};
/* End PBXNativeTarget section */

/* Begin PBXProject section */
		B32897A227FB4D5C007CFBF6 /* Project object */ = {
			isa = PBXProject;
			attributes = {
				BuildIndependentTargetsInParallel = 1;
				LastSwiftUpdateCheck = 1330;
				LastUpgradeCheck = 1330;
				TargetAttributes = {
					B32897A927FB4D5C007CFBF6 = {
						CreatedOnToolsVersion = 13.3;
					};
				};
			};
			buildConfigurationList = B32897A527FB4D5C007CFBF6 /* Build configuration list for PBXProject "DubDubGrub" */;
			compatibilityVersion = "Xcode 13.0";
			developmentRegion = en;
			hasScannedForEncodings = 0;
			knownRegions = (
				en,
				Base,
			);
			mainGroup = B32897A127FB4D5C007CFBF6;
			productRefGroup = B32897AB27FB4D5C007CFBF6 /* Products */;
			projectDirPath = "";
			projectRoot = "";
			targets = (
				B32897A927FB4D5C007CFBF6 /* DubDubGrub */,
			);
		};
/* End PBXProject section */

/* Begin PBXResourcesBuildPhase section */
		B32897A827FB4D5C007CFBF6 /* Resources */ = {
			isa = PBXResourcesBuildPhase;
			buildActionMask = 2147483647;
			files = (
				B32897B527FB4D62007CFBF6 /* Preview Assets.xcassets in Resources */,
				B32897B227FB4D62007CFBF6 /* Assets.xcassets in Resources */,
			);
			runOnlyForDeploymentPostprocessing = 0;
		};
/* End PBXResourcesBuildPhase section */

/* Begin PBXSourcesBuildPhase section */
		B32897A627FB4D5C007CFBF6 /* Sources */ = {
			isa = PBXSourcesBuildPhase;
			buildActionMask = 2147483647;
			files = (
				B32897AE27FB4D5C007CFBF6 /* DubDubGrubApp.swift in Sources */,
				B32D5A892805CF8600AF241E /* LocationDetailVM.swift in Sources */,
				B32D5A7E2800C86900AF241E /* XDismissButton.swift in Sources */,
				B3AEC115280095FE002AD6CE /* Constants.swift in Sources */,
				B3DEA65627FCD60300301E3A /* LogoView.swift in Sources */,
				B3BA2DB8280DBA35005C0384 /* HapticManager.swift in Sources */,
				B32D5A7228009E9200AF241E /* LocationMapVM.swift in Sources */,
				B3AEC10F27FF7FA2002AD6CE /* MockData.swift in Sources */,
				B3DEA65927FCD71500301E3A /* ProfileNameText.swift in Sources */,
				B32D5A742800A31B00AF241E /* LocationManager.swift in Sources */,
				B32D5A8C2805F07700AF241E /* ProfileModalView.swift in Sources */,
				B3DEA66427FF78A200301E3A /* DDGLocation.swift in Sources */,
				B3AEC11A28009B9B002AD6CE /* AlertItem.swift in Sources */,
				B3F279262807625D00B35885 /* DDGAnnotation.swift in Sources */,
				B3DEA65F27FCD94D00301E3A /* DDBButton.swift in Sources */,
				B32897C427FB629F007CFBF6 /* LocationMapView.swift in Sources */,
				B3AEC11328009529002AD6CE /* CloudKitManager.swift in Sources */,
				B3DEA65427FCD5DF00301E3A /* AvatarView.swift in Sources */,
				B3F27921280746F500B35885 /* LocationListVM.swift in Sources */,
				B32D5A772800AF1A00AF241E /* CKAsset+Ext.swift in Sources */,
				B32D5A852804A84400AF241E /* UIImage+Ext.swift in Sources */,
				B3DEA64F27FB724000301E3A /* LocationDetailView.swift in Sources */,
				B3A8BD5A2812FBC200BFCA37 /* String+Ext.swift in Sources */,
				B32897C627FB62BA007CFBF6 /* LocationListView.swift in Sources */,
				B3DEA64D27FB67D600301E3A /* LocationListCell.swift in Sources */,
				B32D5A7C2800C49400AF241E /* OnboardingView.swift in Sources */,
				B3F2792428075EED00B35885 /* MapBalloon.swift in Sources */,
				B32D5A812804903E00AF241E /* PhotoPicker.swift in Sources */,
				B3F279292807664C00B35885 /* AppTabVM.swift in Sources */,
				B3F2792C280A0B7A00B35885 /* ProfileSheetView.swift in Sources */,
				B32D5A872804C74100AF241E /* LoadingView.swift in Sources */,
				B3AEC10D27FF7D6F002AD6CE /* DDGProfile.swift in Sources */,
				B32897C227FB6262007CFBF6 /* AppTabView.swift in Sources */,
				B32897C827FB62CB007CFBF6 /* ProfileView.swift in Sources */,
				B3DEA65C27FCD77C00301E3A /* View+Ext.swift in Sources */,
				B32D5A832804A47B00AF241E /* ProfileVM.swift in Sources */,
				B32897C027FB620C007CFBF6 /* Color+Ext.swift in Sources */,
			);
			runOnlyForDeploymentPostprocessing = 0;
		};
/* End PBXSourcesBuildPhase section */

/* Begin XCBuildConfiguration section */
		B32897B627FB4D62007CFBF6 /* Debug */ = {
			isa = XCBuildConfiguration;
			buildSettings = {
				ALWAYS_SEARCH_USER_PATHS = NO;
				CLANG_ANALYZER_NONNULL = YES;
				CLANG_ANALYZER_NUMBER_OBJECT_CONVERSION = YES_AGGRESSIVE;
				CLANG_CXX_LANGUAGE_STANDARD = "gnu++17";
				CLANG_ENABLE_MODULES = YES;
				CLANG_ENABLE_OBJC_ARC = YES;
				CLANG_ENABLE_OBJC_WEAK = YES;
				CLANG_WARN_BLOCK_CAPTURE_AUTORELEASING = YES;
				CLANG_WARN_BOOL_CONVERSION = YES;
				CLANG_WARN_COMMA = YES;
				CLANG_WARN_CONSTANT_CONVERSION = YES;
				CLANG_WARN_DEPRECATED_OBJC_IMPLEMENTATIONS = YES;
				CLANG_WARN_DIRECT_OBJC_ISA_USAGE = YES_ERROR;
				CLANG_WARN_DOCUMENTATION_COMMENTS = YES;
				CLANG_WARN_EMPTY_BODY = YES;
				CLANG_WARN_ENUM_CONVERSION = YES;
				CLANG_WARN_INFINITE_RECURSION = YES;
				CLANG_WARN_INT_CONVERSION = YES;
				CLANG_WARN_NON_LITERAL_NULL_CONVERSION = YES;
				CLANG_WARN_OBJC_IMPLICIT_RETAIN_SELF = YES;
				CLANG_WARN_OBJC_LITERAL_CONVERSION = YES;
				CLANG_WARN_OBJC_ROOT_CLASS = YES_ERROR;
				CLANG_WARN_QUOTED_INCLUDE_IN_FRAMEWORK_HEADER = YES;
				CLANG_WARN_RANGE_LOOP_ANALYSIS = YES;
				CLANG_WARN_STRICT_PROTOTYPES = YES;
				CLANG_WARN_SUSPICIOUS_MOVE = YES;
				CLANG_WARN_UNGUARDED_AVAILABILITY = YES_AGGRESSIVE;
				CLANG_WARN_UNREACHABLE_CODE = YES;
				CLANG_WARN__DUPLICATE_METHOD_MATCH = YES;
				COPY_PHASE_STRIP = NO;
				DEBUG_INFORMATION_FORMAT = dwarf;
				ENABLE_STRICT_OBJC_MSGSEND = YES;
				ENABLE_TESTABILITY = YES;
				GCC_C_LANGUAGE_STANDARD = gnu11;
				GCC_DYNAMIC_NO_PIC = NO;
				GCC_NO_COMMON_BLOCKS = YES;
				GCC_OPTIMIZATION_LEVEL = 0;
				GCC_PREPROCESSOR_DEFINITIONS = (
					"DEBUG=1",
					"$(inherited)",
				);
				GCC_WARN_64_TO_32_BIT_CONVERSION = YES;
				GCC_WARN_ABOUT_RETURN_TYPE = YES_ERROR;
				GCC_WARN_UNDECLARED_SELECTOR = YES;
				GCC_WARN_UNINITIALIZED_AUTOS = YES_AGGRESSIVE;
				GCC_WARN_UNUSED_FUNCTION = YES;
				GCC_WARN_UNUSED_VARIABLE = YES;
				IPHONEOS_DEPLOYMENT_TARGET = 15.4;
				MTL_ENABLE_DEBUG_INFO = INCLUDE_SOURCE;
				MTL_FAST_MATH = YES;
				ONLY_ACTIVE_ARCH = YES;
				SDKROOT = iphoneos;
				SWIFT_ACTIVE_COMPILATION_CONDITIONS = DEBUG;
				SWIFT_OPTIMIZATION_LEVEL = "-Onone";
			};
			name = Debug;
		};
		B32897B727FB4D62007CFBF6 /* Release */ = {
			isa = XCBuildConfiguration;
			buildSettings = {
				ALWAYS_SEARCH_USER_PATHS = NO;
				CLANG_ANALYZER_NONNULL = YES;
				CLANG_ANALYZER_NUMBER_OBJECT_CONVERSION = YES_AGGRESSIVE;
				CLANG_CXX_LANGUAGE_STANDARD = "gnu++17";
				CLANG_ENABLE_MODULES = YES;
				CLANG_ENABLE_OBJC_ARC = YES;
				CLANG_ENABLE_OBJC_WEAK = YES;
				CLANG_WARN_BLOCK_CAPTURE_AUTORELEASING = YES;
				CLANG_WARN_BOOL_CONVERSION = YES;
				CLANG_WARN_COMMA = YES;
				CLANG_WARN_CONSTANT_CONVERSION = YES;
				CLANG_WARN_DEPRECATED_OBJC_IMPLEMENTATIONS = YES;
				CLANG_WARN_DIRECT_OBJC_ISA_USAGE = YES_ERROR;
				CLANG_WARN_DOCUMENTATION_COMMENTS = YES;
				CLANG_WARN_EMPTY_BODY = YES;
				CLANG_WARN_ENUM_CONVERSION = YES;
				CLANG_WARN_INFINITE_RECURSION = YES;
				CLANG_WARN_INT_CONVERSION = YES;
				CLANG_WARN_NON_LITERAL_NULL_CONVERSION = YES;
				CLANG_WARN_OBJC_IMPLICIT_RETAIN_SELF = YES;
				CLANG_WARN_OBJC_LITERAL_CONVERSION = YES;
				CLANG_WARN_OBJC_ROOT_CLASS = YES_ERROR;
				CLANG_WARN_QUOTED_INCLUDE_IN_FRAMEWORK_HEADER = YES;
				CLANG_WARN_RANGE_LOOP_ANALYSIS = YES;
				CLANG_WARN_STRICT_PROTOTYPES = YES;
				CLANG_WARN_SUSPICIOUS_MOVE = YES;
				CLANG_WARN_UNGUARDED_AVAILABILITY = YES_AGGRESSIVE;
				CLANG_WARN_UNREACHABLE_CODE = YES;
				CLANG_WARN__DUPLICATE_METHOD_MATCH = YES;
				COPY_PHASE_STRIP = NO;
				DEBUG_INFORMATION_FORMAT = "dwarf-with-dsym";
				ENABLE_NS_ASSERTIONS = NO;
				ENABLE_STRICT_OBJC_MSGSEND = YES;
				GCC_C_LANGUAGE_STANDARD = gnu11;
				GCC_NO_COMMON_BLOCKS = YES;
				GCC_WARN_64_TO_32_BIT_CONVERSION = YES;
				GCC_WARN_ABOUT_RETURN_TYPE = YES_ERROR;
				GCC_WARN_UNDECLARED_SELECTOR = YES;
				GCC_WARN_UNINITIALIZED_AUTOS = YES_AGGRESSIVE;
				GCC_WARN_UNUSED_FUNCTION = YES;
				GCC_WARN_UNUSED_VARIABLE = YES;
				IPHONEOS_DEPLOYMENT_TARGET = 15.4;
				MTL_ENABLE_DEBUG_INFO = NO;
				MTL_FAST_MATH = YES;
				SDKROOT = iphoneos;
				SWIFT_COMPILATION_MODE = wholemodule;
				SWIFT_OPTIMIZATION_LEVEL = "-O";
				VALIDATE_PRODUCT = YES;
			};
			name = Release;
		};
		B32897B927FB4D62007CFBF6 /* Debug */ = {
			isa = XCBuildConfiguration;
			buildSettings = {
				ASSETCATALOG_COMPILER_APPICON_NAME = AppIcon;
				ASSETCATALOG_COMPILER_GLOBAL_ACCENT_COLOR_NAME = AccentColor;
				CODE_SIGN_ENTITLEMENTS = DubDubGrub/DubDubGrub.entitlements;
				CODE_SIGN_STYLE = Automatic;
				CURRENT_PROJECT_VERSION = 1;
				DEVELOPMENT_ASSET_PATHS = "\"DubDubGrub/Preview Content\"";
				DEVELOPMENT_TEAM = 334VYUXU36;
				ENABLE_PREVIEWS = YES;
				GENERATE_INFOPLIST_FILE = YES;
				INFOPLIST_FILE = DubDubGrub/Info.plist;
				INFOPLIST_KEY_NSLocationWhenInUseUsageDescription = "Dub Dub Grub uses your location to show you where you are in relation to your friends and food";
				INFOPLIST_KEY_UIApplicationSceneManifest_Generation = YES;
				INFOPLIST_KEY_UIApplicationSupportsIndirectInputEvents = YES;
				INFOPLIST_KEY_UISupportedInterfaceOrientations = UIInterfaceOrientationPortrait;
				INFOPLIST_KEY_UISupportedInterfaceOrientations_iPad = "UIInterfaceOrientationPortrait UIInterfaceOrientationPortraitUpsideDown UIInterfaceOrientationLandscapeLeft UIInterfaceOrientationLandscapeRight";
				INFOPLIST_KEY_UISupportedInterfaceOrientations_iPhone = "UIInterfaceOrientationPortrait UIInterfaceOrientationLandscapeLeft UIInterfaceOrientationLandscapeRight";
				LD_RUNPATH_SEARCH_PATHS = (
					"$(inherited)",
					"@executable_path/Frameworks",
				);
				MARKETING_VERSION = 0.1.0;
				PRODUCT_BUNDLE_IDENTIFIER = com.StevePlavetzky.DubDubGrub;
				PRODUCT_NAME = "$(TARGET_NAME)";
				SWIFT_EMIT_LOC_STRINGS = YES;
				SWIFT_VERSION = 5.0;
				TARGETED_DEVICE_FAMILY = 1;
			};
			name = Debug;
		};
		B32897BA27FB4D62007CFBF6 /* Release */ = {
			isa = XCBuildConfiguration;
			buildSettings = {
				ASSETCATALOG_COMPILER_APPICON_NAME = AppIcon;
				ASSETCATALOG_COMPILER_GLOBAL_ACCENT_COLOR_NAME = AccentColor;
				CODE_SIGN_ENTITLEMENTS = DubDubGrub/DubDubGrub.entitlements;
				CODE_SIGN_STYLE = Automatic;
				CURRENT_PROJECT_VERSION = 1;
				DEVELOPMENT_ASSET_PATHS = "\"DubDubGrub/Preview Content\"";
				DEVELOPMENT_TEAM = 334VYUXU36;
				ENABLE_PREVIEWS = YES;
				GENERATE_INFOPLIST_FILE = YES;
				INFOPLIST_FILE = DubDubGrub/Info.plist;
				INFOPLIST_KEY_NSLocationWhenInUseUsageDescription = "Dub Dub Grub uses your location to show you where you are in relation to your friends and food";
				INFOPLIST_KEY_UIApplicationSceneManifest_Generation = YES;
				INFOPLIST_KEY_UIApplicationSupportsIndirectInputEvents = YES;
				INFOPLIST_KEY_UISupportedInterfaceOrientations = UIInterfaceOrientationPortrait;
				INFOPLIST_KEY_UISupportedInterfaceOrientations_iPad = "UIInterfaceOrientationPortrait UIInterfaceOrientationPortraitUpsideDown UIInterfaceOrientationLandscapeLeft UIInterfaceOrientationLandscapeRight";
				INFOPLIST_KEY_UISupportedInterfaceOrientations_iPhone = "UIInterfaceOrientationPortrait UIInterfaceOrientationLandscapeLeft UIInterfaceOrientationLandscapeRight";
				LD_RUNPATH_SEARCH_PATHS = (
					"$(inherited)",
					"@executable_path/Frameworks",
				);
				MARKETING_VERSION = 0.1.0;
				PRODUCT_BUNDLE_IDENTIFIER = com.StevePlavetzky.DubDubGrub;
				PRODUCT_NAME = "$(TARGET_NAME)";
				SWIFT_EMIT_LOC_STRINGS = YES;
				SWIFT_VERSION = 5.0;
				TARGETED_DEVICE_FAMILY = 1;
			};
			name = Release;
		};
/* End XCBuildConfiguration section */

/* Begin XCConfigurationList section */
		B32897A527FB4D5C007CFBF6 /* Build configuration list for PBXProject "DubDubGrub" */ = {
			isa = XCConfigurationList;
			buildConfigurations = (
				B32897B627FB4D62007CFBF6 /* Debug */,
				B32897B727FB4D62007CFBF6 /* Release */,
			);
			defaultConfigurationIsVisible = 0;
			defaultConfigurationName = Release;
		};
		B32897B827FB4D62007CFBF6 /* Build configuration list for PBXNativeTarget "DubDubGrub" */ = {
			isa = XCConfigurationList;
			buildConfigurations = (
				B32897B927FB4D62007CFBF6 /* Debug */,
				B32897BA27FB4D62007CFBF6 /* Release */,
			);
			defaultConfigurationIsVisible = 0;
			defaultConfigurationName = Release;
		};
/* End XCConfigurationList section */
	};
	rootObject = B32897A227FB4D5C007CFBF6 /* Project object */;
}
